{
  "version": 4,
  "terraform_version": "1.1.9",
  "serial": 6,
  "lineage": "be01ea9c-1635-0fe7-50eb-46bc388a8cc1",
  "outputs": {
    "external_ip_address_vm-01": {
      "value": "51.250.2.144",
      "type": "string"
    },
    "internal_ip_address_vm-01": {
      "value": "192.168.1.26",
      "type": "string"
    },
    "zone_vm-01": {
      "value": "ru-central1-a",
      "type": "string"
    }
  },
  "resources": [
    {
      "mode": "managed",
      "type": "yandex_compute_instance",
      "name": "vm-01",
      "provider": "provider[\"registry.terraform.io/yandex-cloud/yandex\"]",
      "instances": [
        {
          "schema_version": 1,
          "attributes": {
            "allow_recreate": null,
            "allow_stopping_for_update": null,
            "boot_disk": [
              {
                "auto_delete": true,
                "device_name": "fhm7vcjhsnj1vlo8dvs1",
                "disk_id": "fhm7vcjhsnj1vlo8dvs1",
                "initialize_params": [
                  {
                    "block_size": 4096,
                    "description": "",
                    "image_id": "fd81hgrcv6lsnkremf32",
                    "name": "",
                    "size": 3,
                    "snapshot_id": "",
                    "type": "network-hdd"
                  }
                ],
                "mode": "READ_WRITE"
              }
            ],
            "created_at": "2022-06-16T23:08:21Z",
            "description": "",
            "folder_id": "b1g3jugliqbmg2eomqbj",
            "fqdn": "fhmk9pf9tsl1so8j9p7u.auto.internal",
            "hostname": "fhmk9pf9tsl1so8j9p7u",
            "id": "fhmk9pf9tsl1so8j9p7u",
            "labels": null,
            "metadata": {
              "ssh-keys": "ubuntu:ssh-rsa AAAAB3NzaC1yc2EAAAADAQABAAABAQDEPm+JnFr+srmrCQnvFWAxHMGSb8MEemh4Bbt3Kt2Qnri2qZd/YSS135tF2onhnqawmBZpwv+dmbAVdnbcvu3hyJBMTCpPzmSsjyYzwGnQ6WuP0C839vYsudbQOMcS2mPjXlNobyxNDl/gBYIU2cb3W5FX923H0jD3SfhUzxekfsT1ab6auokyGC1LZbS5mMONQeyvsqlJdwNapE6xfgevnYWzeu9BEiyTvZl12FKoZ6TSB0LBf9/gHQCyxNhpVz9tu/aQT0CZqRZYAoncejR54rzqukrgU14zGjn7oCk/FW3qXLXXyCMSZjusKTAneawt4BWTMwnB3vYGovUrm9Sx vagrant@vagrant\n"
            },
            "name": "netology-vm01",
            "network_acceleration_type": "standard",
            "network_interface": [
              {
                "dns_record": [],
                "index": 0,
                "ip_address": "192.168.1.26",
                "ipv4": true,
                "ipv6": false,
                "ipv6_address": "",
                "ipv6_dns_record": [],
                "mac_address": "d0:0d:14:4e:5e:9e",
                "nat": true,
                "nat_dns_record": [],
                "nat_ip_address": "51.250.2.144",
                "nat_ip_version": "IPV4",
                "security_group_ids": [],
                "subnet_id": "e9b3lt7hoabaeoigofq7"
              }
            ],
            "placement_policy": [
              {
                "host_affinity_rules": [],
                "placement_group_id": ""
              }
            ],
            "platform_id": "standard-v1",
            "resources": [
              {
                "core_fraction": 100,
                "cores": 2,
                "gpus": 0,
                "memory": 2
              }
            ],
            "scheduling_policy": [
              {
                "preemptible": false
              }
            ],
            "secondary_disk": [],
            "service_account_id": "",
            "status": "running",
            "timeouts": null,
            "zone": "ru-central1-a"
          },
          "sensitive_attributes": [],
          "private": "eyJlMmJmYjczMC1lY2FhLTExZTYtOGY4OC0zNDM2M2JjN2M0YzAiOnsiY3JlYXRlIjozMDAwMDAwMDAwMDAsImRlbGV0ZSI6MzAwMDAwMDAwMDAwLCJ1cGRhdGUiOjMwMDAwMDAwMDAwMH0sInNjaGVtYV92ZXJzaW9uIjoiMSJ9",
          "dependencies": [
            "yandex_vpc_subnet.subnet-1"
          ]
        }
      ]
    },
    {
      "mode": "managed",
      "type": "yandex_vpc_network",
      "name": "network-1",
      "provider": "provider[\"registry.terraform.io/yandex-cloud/yandex\"]",
      "instances": [
        {
          "schema_version": 0,
          "attributes": {
            "created_at": "2022-06-16T23:07:15Z",
            "default_security_group_id": "",
            "description": "",
            "folder_id": "b1g3jugliqbmg2eomqbj",
            "id": "enpfke26lmhoa9fpkds2",
            "labels": {},
            "name": "network1",
            "subnet_ids": [
              "e9b3lt7hoabaeoigofq7"
            ],
            "timeouts": null
          },
          "sensitive_attributes": [],
          "private": "eyJlMmJmYjczMC1lY2FhLTExZTYtOGY4OC0zNDM2M2JjN2M0YzAiOnsiY3JlYXRlIjo2MDAwMDAwMDAwMCwiZGVsZXRlIjo2MDAwMDAwMDAwMCwidXBkYXRlIjo2MDAwMDAwMDAwMH19"
        }
      ]
    },
    {
      "mode": "managed",
      "type": "yandex_vpc_subnet",
      "name": "subnet-1",
      "provider": "provider[\"registry.terraform.io/yandex-cloud/yandex\"]",
      "instances": [
        {
          "schema_version": 0,
          "attributes": {
            "created_at": "2022-06-16T23:07:18Z",
            "description": "",
            "dhcp_options": [],
            "folder_id": "b1g3jugliqbmg2eomqbj",
            "id": "e9b3lt7hoabaeoigofq7",
            "labels": {},
            "name": "subnet1",
            "network_id": "enpfke26lmhoa9fpkds2",
            "route_table_id": "",
            "timeouts": null,
            "v4_cidr_blocks": [
              "192.168.1.0/24"
            ],
            "v6_cidr_blocks": [],
            "zone": "ru-central1-a"
          },
          "sensitive_attributes": [],
          "private": "eyJlMmJmYjczMC1lY2FhLTExZTYtOGY4OC0zNDM2M2JjN2M0YzAiOnsiY3JlYXRlIjoxODAwMDAwMDAwMDAsImRlbGV0ZSI6MTgwMDAwMDAwMDAwLCJ1cGRhdGUiOjE4MDAwMDAwMDAwMH19",
          "dependencies": [
            "yandex_vpc_network.network-1"
          ]
        }
      ]
    }
  ]
}
