{
  "version": 4,
  "terraform_version": "1.1.6",
  "serial": 28,
  "lineage": "11c43d04-b727-070e-0b65-148a287e05a4",
  "outputs": {
    "external_ip_address_node01_yandex_cloud": {
      "value": "51.250.3.250",
      "type": "string"
    },
    "internal_ip_address_node01_yandex_cloud": {
      "value": "192.168.101.30",
      "type": "string"
    }
  },
  "resources": [
    {
      "mode": "managed",
      "type": "yandex_compute_instance",
      "name": "node01",
      "provider": "provider[\"registry.terraform.io/yandex-cloud/yandex\"]",
      "instances": [
        {
          "schema_version": 1,
          "attributes": {
            "allow_stopping_for_update": true,
            "boot_disk": [
              {
                "auto_delete": true,
                "device_name": "fhmbchacfbnd3gc203up",
                "disk_id": "fhmbchacfbnd3gc203up",
                "initialize_params": [
                  {
                    "block_size": 4096,
                    "description": "",
                    "image_id": "fd8q7qlp64isc1p7qcr0",
                    "name": "root-node01",
                    "size": 50,
                    "snapshot_id": "",
                    "type": "network-ssd"
                  }
                ],
                "mode": "READ_WRITE"
              }
            ],
            "created_at": "2022-03-09T20:17:54Z",
            "description": "",
            "folder_id": "b1g3jugliqbmg2eomqbj",
            "fqdn": "node01.netology.cloud",
            "hostname": "node01",
            "id": "fhmbg45gudghu6p7mpcn",
            "labels": null,
            "metadata": {
              "ssh-keys": "centos:ssh-rsa AAAAB3NzaC1yc2EAAAADAQABAAABAQDEPm+JnFr+srmrCQnvFWAxHMGSb8MEemh4Bbt3Kt2Qnri2qZd/YSS135tF2onhnqawmBZpwv+dmbAVdnbcvu3hyJBMTCpPzmSsjyYzwGnQ6WuP0C839vYsudbQOMcS2mPjXlNobyxNDl/gBYIU2cb3W5FX923H0jD3SfhUzxekfsT1ab6auokyGC1LZbS5mMONQeyvsqlJdwNapE6xfgevnYWzeu9BEiyTvZl12FKoZ6TSB0LBf9/gHQCyxNhpVz9tu/aQT0CZqRZYAoncejR54rzqukrgU14zGjn7oCk/FW3qXLXXyCMSZjusKTAneawt4BWTMwnB3vYGovUrm9Sx vagrant@vagrant\n"
            },
            "name": "node01",
            "network_acceleration_type": "standard",
            "network_interface": [
              {
                "dns_record": [],
                "index": 0,
                "ip_address": "192.168.101.30",
                "ipv4": true,
                "ipv6": false,
                "ipv6_address": "",
                "ipv6_dns_record": [],
                "mac_address": "d0:0d:b8:10:b0:f3",
                "nat": true,
                "nat_dns_record": [],
                "nat_ip_address": "51.250.3.250",
                "nat_ip_version": "IPV4",
                "security_group_ids": [],
                "subnet_id": "e9bqps51opd0oce6ea44"
              }
            ],
            "placement_policy": [
              {
                "placement_group_id": ""
              }
            ],
            "platform_id": "standard-v1",
            "resources": [
              {
                "core_fraction": 100,
                "cores": 8,
                "gpus": 0,
                "memory": 8
              }
            ],
            "scheduling_policy": [
              {
                "preemptible": false
              }
            ],
            "secondary_disk": [],
            "service_account_id": "",
            "status": "running",
            "timeouts": null,
            "zone": "ru-central1-a"
          },
          "sensitive_attributes": [],
          "private": "eyJlMmJmYjczMC1lY2FhLTExZTYtOGY4OC0zNDM2M2JjN2M0YzAiOnsiY3JlYXRlIjozMDAwMDAwMDAwMDAsImRlbGV0ZSI6MzAwMDAwMDAwMDAwLCJ1cGRhdGUiOjMwMDAwMDAwMDAwMH0sInNjaGVtYV92ZXJzaW9uIjoiMSJ9",
          "dependencies": [
            "yandex_vpc_network.default",
            "yandex_vpc_subnet.default"
          ]
        }
      ]
    },
    {
      "mode": "managed",
      "type": "yandex_vpc_network",
      "name": "default",
      "provider": "provider[\"registry.terraform.io/yandex-cloud/yandex\"]",
      "instances": [
        {
          "schema_version": 0,
          "attributes": {
            "created_at": "2022-03-09T20:17:52Z",
            "default_security_group_id": "",
            "description": "",
            "folder_id": "b1g3jugliqbmg2eomqbj",
            "id": "enpqriiihpba620r19su",
            "labels": {},
            "name": "net",
            "subnet_ids": [],
            "timeouts": null
          },
          "sensitive_attributes": [],
          "private": "eyJlMmJmYjczMC1lY2FhLTExZTYtOGY4OC0zNDM2M2JjN2M0YzAiOnsiY3JlYXRlIjo2MDAwMDAwMDAwMCwiZGVsZXRlIjo2MDAwMDAwMDAwMCwidXBkYXRlIjo2MDAwMDAwMDAwMH19"
        }
      ]
    },
    {
      "mode": "managed",
      "type": "yandex_vpc_subnet",
      "name": "default",
      "provider": "provider[\"registry.terraform.io/yandex-cloud/yandex\"]",
      "instances": [
        {
          "schema_version": 0,
          "attributes": {
            "created_at": "2022-03-09T20:17:53Z",
            "description": "",
            "dhcp_options": [],
            "folder_id": "b1g3jugliqbmg2eomqbj",
            "id": "e9bqps51opd0oce6ea44",
            "labels": {},
            "name": "subnet",
            "network_id": "enpqriiihpba620r19su",
            "route_table_id": "",
            "timeouts": null,
            "v4_cidr_blocks": [
              "192.168.101.0/24"
            ],
            "v6_cidr_blocks": [],
            "zone": "ru-central1-a"
          },
          "sensitive_attributes": [],
          "private": "eyJlMmJmYjczMC1lY2FhLTExZTYtOGY4OC0zNDM2M2JjN2M0YzAiOnsiY3JlYXRlIjoxODAwMDAwMDAwMDAsImRlbGV0ZSI6MTgwMDAwMDAwMDAwLCJ1cGRhdGUiOjE4MDAwMDAwMDAwMH19",
          "dependencies": [
            "yandex_vpc_network.default"
          ]
        }
      ]
    }
  ]
}
