{
  "version": 4,
  "terraform_version": "1.1.9",
  "serial": 5,
  "lineage": "c46860ff-bdd3-6d29-8173-47da28a15492",
  "outputs": {},
  "resources": [
    {
      "module": "module.vpc",
      "mode": "data",
      "type": "yandex_compute_image",
      "name": "nat_instance",
      "provider": "provider[\"registry.terraform.io/yandex-cloud/yandex\"]",
      "instances": [
        {
          "schema_version": 0,
          "attributes": {
            "created_at": "2022-06-20T10:51:12Z",
            "description": "nat-instance-ubuntu",
            "family": "nat-instance-ubuntu",
            "folder_id": "standard-images",
            "id": "fd84mnpg35f7s7b0f5lg",
            "image_id": "fd84mnpg35f7s7b0f5lg",
            "labels": {},
            "min_disk_size": 3,
            "name": "nat-instance-ubuntu-18-04-lts-v20220620",
            "os_type": "linux",
            "product_ids": [
              "f2e9jq3vtnumunb22lge",
              "f2el8bvfossqruqgt6sb"
            ],
            "size": 2,
            "status": "ready"
          },
          "sensitive_attributes": []
        }
      ]
    },
    {
      "module": "module.vpc",
      "mode": "managed",
      "type": "yandex_vpc_network",
      "name": "this",
      "provider": "provider[\"registry.terraform.io/yandex-cloud/yandex\"]",
      "instances": [
        {
          "schema_version": 0,
          "attributes": {
            "created_at": "2022-06-21T21:37:35Z",
            "default_security_group_id": "",
            "description": "Auto-created using-modules network",
            "folder_id": "b1g3jugliqbmg2eomqbj",
            "id": "enp5cftm1fv57fq7a3g4",
            "labels": null,
            "name": "using-modules",
            "subnet_ids": [],
            "timeouts": null
          },
          "sensitive_attributes": [],
          "private": "eyJlMmJmYjczMC1lY2FhLTExZTYtOGY4OC0zNDM2M2JjN2M0YzAiOnsiY3JlYXRlIjo2MDAwMDAwMDAwMCwiZGVsZXRlIjo2MDAwMDAwMDAwMCwidXBkYXRlIjo2MDAwMDAwMDAwMH19",
          "dependencies": [
            "module.vpc.yandex_resourcemanager_folder.folder"
          ]
        }
      ]
    },
    {
      "module": "module.vpc",
      "mode": "managed",
      "type": "yandex_vpc_subnet",
      "name": "this",
      "provider": "provider[\"registry.terraform.io/yandex-cloud/yandex\"]",
      "instances": [
        {
          "index_key": "ru-central1-a",
          "schema_version": 0,
          "attributes": {
            "created_at": "2022-06-21T21:37:37Z",
            "description": "Auto-created using-modules subnet for zone ru-central1-a",
            "dhcp_options": [],
            "folder_id": "b1g3jugliqbmg2eomqbj",
            "id": "e9b8db3gclvempr23pnh",
            "labels": null,
            "name": "using-modules-ru-central1-a",
            "network_id": "enp5cftm1fv57fq7a3g4",
            "route_table_id": "",
            "timeouts": null,
            "v4_cidr_blocks": [
              "10.130.0.0/24"
            ],
            "v6_cidr_blocks": [],
            "zone": "ru-central1-a"
          },
          "sensitive_attributes": [],
          "private": "eyJlMmJmYjczMC1lY2FhLTExZTYtOGY4OC0zNDM2M2JjN2M0YzAiOnsiY3JlYXRlIjoxODAwMDAwMDAwMDAsImRlbGV0ZSI6MTgwMDAwMDAwMDAwLCJ1cGRhdGUiOjE4MDAwMDAwMDAwMH19",
          "dependencies": [
            "module.vpc.yandex_resourcemanager_folder.folder",
            "module.vpc.yandex_vpc_network.this",
            "module.vpc.yandex_vpc_route_table.nat_instance"
          ]
        },
        {
          "index_key": "ru-central1-b",
          "schema_version": 0,
          "attributes": {
            "created_at": "2022-06-21T21:37:37Z",
            "description": "Auto-created using-modules subnet for zone ru-central1-b",
            "dhcp_options": [],
            "folder_id": "b1g3jugliqbmg2eomqbj",
            "id": "e2ls3b0lnhdaojvuib0p",
            "labels": null,
            "name": "using-modules-ru-central1-b",
            "network_id": "enp5cftm1fv57fq7a3g4",
            "route_table_id": "",
            "timeouts": null,
            "v4_cidr_blocks": [
              "10.129.0.0/24"
            ],
            "v6_cidr_blocks": [],
            "zone": "ru-central1-b"
          },
          "sensitive_attributes": [],
          "private": "eyJlMmJmYjczMC1lY2FhLTExZTYtOGY4OC0zNDM2M2JjN2M0YzAiOnsiY3JlYXRlIjoxODAwMDAwMDAwMDAsImRlbGV0ZSI6MTgwMDAwMDAwMDAwLCJ1cGRhdGUiOjE4MDAwMDAwMDAwMH19",
          "dependencies": [
            "module.vpc.yandex_resourcemanager_folder.folder",
            "module.vpc.yandex_vpc_network.this",
            "module.vpc.yandex_vpc_route_table.nat_instance"
          ]
        },
        {
          "index_key": "ru-central1-c",
          "schema_version": 0,
          "attributes": {
            "created_at": "2022-06-21T21:37:38Z",
            "description": "Auto-created using-modules subnet for zone ru-central1-c",
            "dhcp_options": [],
            "folder_id": "b1g3jugliqbmg2eomqbj",
            "id": "b0cuhgf3sgtadhu1mvtq",
            "labels": null,
            "name": "using-modules-ru-central1-c",
            "network_id": "enp5cftm1fv57fq7a3g4",
            "route_table_id": "",
            "timeouts": null,
            "v4_cidr_blocks": [
              "10.128.0.0/24"
            ],
            "v6_cidr_blocks": [],
            "zone": "ru-central1-c"
          },
          "sensitive_attributes": [],
          "private": "eyJlMmJmYjczMC1lY2FhLTExZTYtOGY4OC0zNDM2M2JjN2M0YzAiOnsiY3JlYXRlIjoxODAwMDAwMDAwMDAsImRlbGV0ZSI6MTgwMDAwMDAwMDAwLCJ1cGRhdGUiOjE4MDAwMDAwMDAwMH19",
          "dependencies": [
            "module.vpc.yandex_resourcemanager_folder.folder",
            "module.vpc.yandex_vpc_network.this",
            "module.vpc.yandex_vpc_route_table.nat_instance"
          ]
        }
      ]
    }
  ]
}
